
Microsoft Visual Studio Solution File, Format Version 12.00
# Visual Studio Version 17
VisualStudioVersion = 17.7.34202.233
MinimumVisualStudioVersion = 10.0.40219.1
Project("{FAE04EC0-301F-11D3-BF4B-00C04F79EFBC}") = "POO EJ.", "..\POO EJ\POO EJ\POO EJ..csproj", "{1A41E180-E33B-42EA-BA9B-8B9B853D3011}"
EndProject
Global
	GlobalSection(SolutionConfigurationPlatforms) = preSolution
		Debug|Any CPU = Debug|Any CPU
		Release|Any CPU = Release|Any CPU
	EndGlobalSection
	GlobalSection(ProjectConfigurationPlatforms) = postSolution
		{1A41E180-E33B-42EA-BA9B-8B9B853D3011}.Debug|Any CPU.ActiveCfg = Debug|Any CPU
		{1A41E180-E33B-42EA-BA9B-8B9B853D3011}.Debug|Any CPU.Build.0 = Debug|Any CPU
		{1A41E180-E33B-42EA-BA9B-8B9B853D3011}.Release|Any CPU.ActiveCfg = Release|Any CPU
		{1A41E180-E33B-42EA-BA9B-8B9B853D3011}.Release|Any CPU.Build.0 = Release|Any CPU
	EndGlobalSection
	GlobalSection(SolutionProperties) = preSolution
		HideSolutionNode = FALSE
	EndGlobalSection
	GlobalSection(ExtensibilityGlobals) = postSolution
		SolutionGuid = {990D23F6-FCB4-4A5B-B987-F582467F1D16}
	EndGlobalSection
EndGlobal
